
Microsoft Visual Studio Solution File, Format Version 12.00
# Visual Studio Version 16
VisualStudioVersion = 16.0.30523.141
MinimumVisualStudioVersion = 10.0.40219.1
Project("{9A19103F-16F7-4668-BE54-9A1E7A4F7556}") = "HemtentaDesireDatabaserPragueParking", "HemtentaDesireDatabaserPragueParking\HemtentaDesireDatabaserPragueParking.csproj", "{4937E1EE-1D79-4324-A609-C80B8C2EDB15}"
	ProjectSection(ProjectDependencies) = postProject
		{C8EEDBB5-99F7-4CAD-9037-9385F82CD9C9} = {C8EEDBB5-99F7-4CAD-9037-9385F82CD9C9}
	EndProjectSection
EndProject
Project("{9A19103F-16F7-4668-BE54-9A1E7A4F7556}") = "BackEnd", "BackEnd\BackEnd.csproj", "{C8EEDBB5-99F7-4CAD-9037-9385F82CD9C9}"
EndProject
Project("{FAE04EC0-301F-11D3-BF4B-00C04F79EFBC}") = "MenuFormPP", "MenuFormPP\MenuFormPP.csproj", "{B519732D-5EA7-4E13-8765-856E452E3324}"
EndProject
Global
	GlobalSection(SolutionConfigurationPlatforms) = preSolution
		Debug|Any CPU = Debug|Any CPU
		Release|Any CPU = Release|Any CPU
	EndGlobalSection
	GlobalSection(ProjectConfigurationPlatforms) = postSolution
		{4937E1EE-1D79-4324-A609-C80B8C2EDB15}.Debug|Any CPU.ActiveCfg = Debug|Any CPU
		{4937E1EE-1D79-4324-A609-C80B8C2EDB15}.Debug|Any CPU.Build.0 = Debug|Any CPU
		{4937E1EE-1D79-4324-A609-C80B8C2EDB15}.Release|Any CPU.ActiveCfg = Release|Any CPU
		{4937E1EE-1D79-4324-A609-C80B8C2EDB15}.Release|Any CPU.Build.0 = Release|Any CPU
		{C8EEDBB5-99F7-4CAD-9037-9385F82CD9C9}.Debug|Any CPU.ActiveCfg = Debug|Any CPU
		{C8EEDBB5-99F7-4CAD-9037-9385F82CD9C9}.Debug|Any CPU.Build.0 = Debug|Any CPU
		{C8EEDBB5-99F7-4CAD-9037-9385F82CD9C9}.Release|Any CPU.ActiveCfg = Release|Any CPU
		{C8EEDBB5-99F7-4CAD-9037-9385F82CD9C9}.Release|Any CPU.Build.0 = Release|Any CPU
		{B519732D-5EA7-4E13-8765-856E452E3324}.Debug|Any CPU.ActiveCfg = Debug|Any CPU
		{B519732D-5EA7-4E13-8765-856E452E3324}.Debug|Any CPU.Build.0 = Debug|Any CPU
		{B519732D-5EA7-4E13-8765-856E452E3324}.Release|Any CPU.ActiveCfg = Release|Any CPU
		{B519732D-5EA7-4E13-8765-856E452E3324}.Release|Any CPU.Build.0 = Release|Any CPU
	EndGlobalSection
	GlobalSection(SolutionProperties) = preSolution
		HideSolutionNode = FALSE
	EndGlobalSection
	GlobalSection(ExtensibilityGlobals) = postSolution
		SolutionGuid = {02C49A69-5D8B-4B91-A148-464C78FDF5BE}
	EndGlobalSection
EndGlobal
